
Microsoft Visual Studio Solution File, Format Version 12.00
# Visual Studio Version 17
VisualStudioVersion = 17.0.31912.275
MinimumVisualStudioVersion = 10.0.40219.1
Project("{FAE04EC0-301F-11D3-BF4B-00C04F79EFBC}") = "HeartyPlantWebApplication", "HeartyPlantWebApplication.csproj", "{AD1C52E7-72FD-4D0D-BF49-50E59DF53C48}"
EndProject
Global
	GlobalSection(SolutionConfigurationPlatforms) = preSolution
		Debug|Any CPU = Debug|Any CPU
		Release|Any CPU = Release|Any CPU
	EndGlobalSection
	GlobalSection(ProjectConfigurationPlatforms) = postSolution
		{AD1C52E7-72FD-4D0D-BF49-50E59DF53C48}.Debug|Any CPU.ActiveCfg = Debug|Any CPU
		{AD1C52E7-72FD-4D0D-BF49-50E59DF53C48}.Debug|Any CPU.Build.0 = Debug|Any CPU
		{AD1C52E7-72FD-4D0D-BF49-50E59DF53C48}.Release|Any CPU.ActiveCfg = Release|Any CPU
		{AD1C52E7-72FD-4D0D-BF49-50E59DF53C48}.Release|Any CPU.Build.0 = Release|Any CPU
	EndGlobalSection
	GlobalSection(SolutionProperties) = preSolution
		HideSolutionNode = FALSE
	EndGlobalSection
	GlobalSection(ExtensibilityGlobals) = postSolution
		SolutionGuid = {6B65EB98-0ACC-4C29-8AA4-BE3E69419EE5}
	EndGlobalSection
EndGlobal
