
Microsoft Visual Studio Solution File, Format Version 12.00
# Visual Studio Version 17
VisualStudioVersion = 17.0.31903.59
MinimumVisualStudioVersion = 10.0.40219.1
Project("{FAE04EC0-301F-11D3-BF4B-00C04F79EFBC}") = "WindowsFormsApp1", "WindowsFormsApp1\WindowsFormsApp1.csproj", "{14B71E96-C978-4C58-B696-529997C50ABE}"
EndProject
Global
	GlobalSection(SolutionConfigurationPlatforms) = preSolution
		Debug|Any CPU = Debug|Any CPU
		Release|Any CPU = Release|Any CPU
	EndGlobalSection
	GlobalSection(ProjectConfigurationPlatforms) = postSolution
		{14B71E96-C978-4C58-B696-529997C50ABE}.Debug|Any CPU.ActiveCfg = Debug|Any CPU
		{14B71E96-C978-4C58-B696-529997C50ABE}.Debug|Any CPU.Build.0 = Debug|Any CPU
		{14B71E96-C978-4C58-B696-529997C50ABE}.Release|Any CPU.ActiveCfg = Release|Any CPU
		{14B71E96-C978-4C58-B696-529997C50ABE}.Release|Any CPU.Build.0 = Release|Any CPU
	EndGlobalSection
	GlobalSection(SolutionProperties) = preSolution
		HideSolutionNode = FALSE
	EndGlobalSection
	GlobalSection(ExtensibilityGlobals) = postSolution
		SolutionGuid = {4D0D6654-513B-40F8-9345-5D01E0D3EC25}
	EndGlobalSection
EndGlobal
